// !$*UTF8*$!
{
	archiveVersion = 1;
	classes = {
	};
	objectVersion = 46;
	objects = {

/* Begin PBXBuildFile section */
		95BCE3E21D04C06900EB99B7 /* AppDelegate.swift in Sources */ = {isa = PBXBuildFile; fileRef = 95BCE3E11D04C06900EB99B7 /* AppDelegate.swift */; };
		95BCE3E41D04C06900EB99B7 /* ViewController.swift in Sources */ = {isa = PBXBuildFile; fileRef = 95BCE3E31D04C06900EB99B7 /* ViewController.swift */; };
		95BCE3E71D04C06900EB99B7 /* Main.storyboard in Resources */ = {isa = PBXBuildFile; fileRef = 95BCE3E51D04C06900EB99B7 /* Main.storyboard */; };
		95BCE3EA1D04C06900EB99B7 /* notes.xcdatamodeld in Sources */ = {isa = PBXBuildFile; fileRef = 95BCE3E81D04C06900EB99B7 /* notes.xcdatamodeld */; };
		95BCE3EC1D04C06900EB99B7 /* Assets.xcassets in Resources */ = {isa = PBXBuildFile; fileRef = 95BCE3EB1D04C06900EB99B7 /* Assets.xcassets */; };
		95BCE3EF1D04C06900EB99B7 /* LaunchScreen.storyboard in Resources */ = {isa = PBXBuildFile; fileRef = 95BCE3ED1D04C06900EB99B7 /* LaunchScreen.storyboard */; };
		95BCE3FA1D04C06900EB99B7 /* notesTests.swift in Sources */ = {isa = PBXBuildFile; fileRef = 95BCE3F91D04C06900EB99B7 /* notesTests.swift */; };
		95BCE4051D04C06900EB99B7 /* notesUITests.swift in Sources */ = {isa = PBXBuildFile; fileRef = 95BCE4041D04C06900EB99B7 /* notesUITests.swift */; };
/* End PBXBuildFile section */

/* Begin PBXContainerItemProxy section */
		95BCE3F61D04C06900EB99B7 /* PBXContainerItemProxy */ = {
			isa = PBXContainerItemProxy;
			containerPortal = 95BCE3D61D04C06900EB99B7 /* Project object */;
			proxyType = 1;
			remoteGlobalIDString = 95BCE3DD1D04C06900EB99B7;
			remoteInfo = notes;
		};
		95BCE4011D04C06900EB99B7 /* PBXContainerItemProxy */ = {
			isa = PBXContainerItemProxy;
			containerPortal = 95BCE3D61D04C06900EB99B7 /* Project object */;
			proxyType = 1;
			remoteGlobalIDString = 95BCE3DD1D04C06900EB99B7;
			remoteInfo = notes;
		};
/* End PBXContainerItemProxy section */

/* Begin PBXFileReference section */
		95BCE3DE1D04C06900EB99B7 /* notes.app */ = {isa = PBXFileReference; explicitFileType = wrapper.application; includeInIndex = 0; path = notes.app; sourceTree = BUILT_PRODUCTS_DIR; };
		95BCE3E11D04C06900EB99B7 /* AppDelegate.swift */ = {isa = PBXFileReference; lastKnownFileType = sourcecode.swift; path = AppDelegate.swift; sourceTree = "<group>"; };
		95BCE3E31D04C06900EB99B7 /* ViewController.swift */ = {isa = PBXFileReference; lastKnownFileType = sourcecode.swift; path = ViewController.swift; sourceTree = "<group>"; };
		95BCE3E61D04C06900EB99B7 /* Base */ = {isa = PBXFileReference; lastKnownFileType = file.storyboard; name = Base; path = Base.lproj/Main.storyboard; sourceTree = "<group>"; };
		95BCE3E91D04C06900EB99B7 /* notes.xcdatamodel */ = {isa = PBXFileReference; lastKnownFileType = wrapper.xcdatamodel; path = notes.xcdatamodel; sourceTree = "<group>"; };
		95BCE3EB1D04C06900EB99B7 /* Assets.xcassets */ = {isa = PBXFileReference; lastKnownFileType = folder.assetcatalog; path = Assets.xcassets; sourceTree = "<group>"; };
		95BCE3EE1D04C06900EB99B7 /* Base */ = {isa = PBXFileReference; lastKnownFileType = file.storyboard; name = Base; path = Base.lproj/LaunchScreen.storyboard; sourceTree = "<group>"; };
		95BCE3F01D04C06900EB99B7 /* Info.plist */ = {isa = PBXFileReference; lastKnownFileType = text.plist.xml; path = Info.plist; sourceTree = "<group>"; };
		95BCE3F51D04C06900EB99B7 /* notesTests.xctest */ = {isa = PBXFileReference; explicitFileType = wrapper.cfbundle; includeInIndex = 0; path = notesTests.xctest; sourceTree = BUILT_PRODUCTS_DIR; };
		95BCE3F91D04C06900EB99B7 /* notesTests.swift */ = {isa = PBXFileReference; lastKnownFileType = sourcecode.swift; path = notesTests.swift; sourceTree = "<group>"; };
		95BCE3FB1D04C06900EB99B7 /* Info.plist */ = {isa = PBXFileReference; lastKnownFileType = text.plist.xml; path = Info.plist; sourceTree = "<group>"; };
		95BCE4001D04C06900EB99B7 /* notesUITests.xctest */ = {isa = PBXFileReference; explicitFileType = wrapper.cfbundle; includeInIndex = 0; path = notesUITests.xctest; sourceTree = BUILT_PRODUCTS_DIR; };
		95BCE4041D04C06900EB99B7 /* notesUITests.swift */ = {isa = PBXFileReference; lastKnownFileType = sourcecode.swift; path = notesUITests.swift; sourceTree = "<group>"; };
		95BCE4061D04C06900EB99B7 /* Info.plist */ = {isa = PBXFileReference; lastKnownFileType = text.plist.xml; path = Info.plist; sourceTree = "<group>"; };
/* End PBXFileReference section */

/* Begin PBXFrameworksBuildPhase section */
		95BCE3DB1D04C06900EB99B7 /* Frameworks */ = {
			isa = PBXFrameworksBuildPhase;
			buildActionMask = 2147483647;
			files = (
			);
			runOnlyForDeploymentPostprocessing = 0;
		};
		95BCE3F21D04C06900EB99B7 /* Frameworks */ = {
			isa = PBXFrameworksBuildPhase;
			buildActionMask = 2147483647;
			files = (
			);
			runOnlyForDeploymentPostprocessing = 0;
		};
		95BCE3FD1D04C06900EB99B7 /* Frameworks */ = {
			isa = PBXFrameworksBuildPhase;
			buildActionMask = 2147483647;
			files = (
			);
			runOnlyForDeploymentPostprocessing = 0;
		};
/* End PBXFrameworksBuildPhase section */

/* Begin PBXGroup section */
		95BCE3D51D04C06900EB99B7 = {
			isa = PBXGroup;
			children = (
				95BCE3E01D04C06900EB99B7 /* notes */,
				95BCE3F81D04C06900EB99B7 /* notesTests */,
				95BCE4031D04C06900EB99B7 /* notesUITests */,
				95BCE3DF1D04C06900EB99B7 /* Products */,
			);
			sourceTree = "<group>";
		};
		95BCE3DF1D04C06900EB99B7 /* Products */ = {
			isa = PBXGroup;
			children = (
				95BCE3DE1D04C06900EB99B7 /* notes.app */,
				95BCE3F51D04C06900EB99B7 /* notesTests.xctest */,
				95BCE4001D04C06900EB99B7 /* notesUITests.xctest */,
			);
			name = Products;
			sourceTree = "<group>";
		};
		95BCE3E01D04C06900EB99B7 /* notes */ = {
			isa = PBXGroup;
			children = (
				95BCE3E11D04C06900EB99B7 /* AppDelegate.swift */,
				95BCE3E31D04C06900EB99B7 /* ViewController.swift */,
				95BCE3E51D04C06900EB99B7 /* Main.storyboard */,
				95BCE3EB1D04C06900EB99B7 /* Assets.xcassets */,
				95BCE3ED1D04C06900EB99B7 /* LaunchScreen.storyboard */,
				95BCE3F01D04C06900EB99B7 /* Info.plist */,
				95BCE3E81D04C06900EB99B7 /* notes.xcdatamodeld */,
			);
			path = notes;
			sourceTree = "<group>";
		};
		95BCE3F81D04C06900EB99B7 /* notesTests */ = {
			isa = PBXGroup;
			children = (
				95BCE3F91D04C06900EB99B7 /* notesTests.swift */,
				95BCE3FB1D04C06900EB99B7 /* Info.plist */,
			);
			path = notesTests;
			sourceTree = "<group>";
		};
		95BCE4031D04C06900EB99B7 /* notesUITests */ = {
			isa = PBXGroup;
			children = (
				95BCE4041D04C06900EB99B7 /* notesUITests.swift */,
				95BCE4061D04C06900EB99B7 /* Info.plist */,
			);
			path = notesUITests;
			sourceTree = "<group>";
		};
/* End PBXGroup section */

/* Begin PBXNativeTarget section */
		95BCE3DD1D04C06900EB99B7 /* notes */ = {
			isa = PBXNativeTarget;
			buildConfigurationList = 95BCE4091D04C06900EB99B7 /* Build configuration list for PBXNativeTarget "notes" */;
			buildPhases = (
				95BCE3DA1D04C06900EB99B7 /* Sources */,
				95BCE3DB1D04C06900EB99B7 /* Frameworks */,
				95BCE3DC1D04C06900EB99B7 /* Resources */,
			);
			buildRules = (
			);
			dependencies = (
			);
			name = notes;
			productName = notes;
			productReference = 95BCE3DE1D04C06900EB99B7 /* notes.app */;
			productType = "com.apple.product-type.application";
		};
		95BCE3F41D04C06900EB99B7 /* notesTests */ = {
			isa = PBXNativeTarget;
			buildConfigurationList = 95BCE40C1D04C06900EB99B7 /* Build configuration list for PBXNativeTarget "notesTests" */;
			buildPhases = (
				95BCE3F11D04C06900EB99B7 /* Sources */,
				95BCE3F21D04C06900EB99B7 /* Frameworks */,
				95BCE3F31D04C06900EB99B7 /* Resources */,
			);
			buildRules = (
			);
			dependencies = (
				95BCE3F71D04C06900EB99B7 /* PBXTargetDependency */,
			);
			name = notesTests;
			productName = notesTests;
			productReference = 95BCE3F51D04C06900EB99B7 /* notesTests.xctest */;
			productType = "com.apple.product-type.bundle.unit-test";
		};
		95BCE3FF1D04C06900EB99B7 /* notesUITests */ = {
			isa = PBXNativeTarget;
			buildConfigurationList = 95BCE40F1D04C06900EB99B7 /* Build configuration list for PBXNativeTarget "notesUITests" */;
			buildPhases = (
				95BCE3FC1D04C06900EB99B7 /* Sources */,
				95BCE3FD1D04C06900EB99B7 /* Frameworks */,
				95BCE3FE1D04C06900EB99B7 /* Resources */,
			);
			buildRules = (
			);
			dependencies = (
				95BCE4021D04C06900EB99B7 /* PBXTargetDependency */,
			);
			name = notesUITests;
			productName = notesUITests;
			productReference = 95BCE4001D04C06900EB99B7 /* notesUITests.xctest */;
			productType = "com.apple.product-type.bundle.ui-testing";
		};
/* End PBXNativeTarget section */

/* Begin PBXProject section */
		95BCE3D61D04C06900EB99B7 /* Project object */ = {
			isa = PBXProject;
			attributes = {
				LastSwiftUpdateCheck = 0730;
				LastUpgradeCheck = 0730;
				ORGANIZATIONNAME = "Amy Giver Squid";
				TargetAttributes = {
					95BCE3DD1D04C06900EB99B7 = {
						CreatedOnToolsVersion = 7.3.1;
						DevelopmentTeam = 93DU6VN4H3;
					};
					95BCE3F41D04C06900EB99B7 = {
						CreatedOnToolsVersion = 7.3.1;
						DevelopmentTeam = 93DU6VN4H3;
						TestTargetID = 95BCE3DD1D04C06900EB99B7;
					};
					95BCE3FF1D04C06900EB99B7 = {
						CreatedOnToolsVersion = 7.3.1;
						DevelopmentTeam = 93DU6VN4H3;
						TestTargetID = 95BCE3DD1D04C06900EB99B7;
					};
				};
			};
			buildConfigurationList = 95BCE3D91D04C06900EB99B7 /* Build configuration list for PBXProject "notes" */;
			compatibilityVersion = "Xcode 3.2";
			developmentRegion = English;
			hasScannedForEncodings = 0;
			knownRegions = (
				en,
				Base,
			);
			mainGroup = 95BCE3D51D04C06900EB99B7;
			productRefGroup = 95BCE3DF1D04C06900EB99B7 /* Products */;
			projectDirPath = "";
			projectRoot = "";
			targets = (
				95BCE3DD1D04C06900EB99B7 /* notes */,
				95BCE3F41D04C06900EB99B7 /* notesTests */,
				95BCE3FF1D04C06900EB99B7 /* notesUITests */,
			);
		};
/* End PBXProject section */

/* Begin PBXResourcesBuildPhase section */
		95BCE3DC1D04C06900EB99B7 /* Resources */ = {
			isa = PBXResourcesBuildPhase;
			buildActionMask = 2147483647;
			files = (
				95BCE3EF1D04C06900EB99B7 /* LaunchScreen.storyboard in Resources */,
				95BCE3EC1D04C06900EB99B7 /* Assets.xcassets in Resources */,
				95BCE3E71D04C06900EB99B7 /* Main.storyboard in Resources */,
			);
			runOnlyForDeploymentPostprocessing = 0;
		};
		95BCE3F31D04C06900EB99B7 /* Resources */ = {
			isa = PBXResourcesBuildPhase;
			buildActionMask = 2147483647;
			files = (
			);
			runOnlyForDeploymentPostprocessing = 0;
		};
		95BCE3FE1D04C06900EB99B7 /* Resources */ = {
			isa = PBXResourcesBuildPhase;
			buildActionMask = 2147483647;
			files = (
			);
			runOnlyForDeploymentPostprocessing = 0;
		};
/* End PBXResourcesBuildPhase section */

/* Begin PBXSourcesBuildPhase section */
		95BCE3DA1D04C06900EB99B7 /* Sources */ = {
			isa = PBXSourcesBuildPhase;
			buildActionMask = 2147483647;
			files = (
				95BCE3E41D04C06900EB99B7 /* ViewController.swift in Sources */,
				95BCE3E21D04C06900EB99B7 /* AppDelegate.swift in Sources */,
				95BCE3EA1D04C06900EB99B7 /* notes.xcdatamodeld in Sources */,
			);
			runOnlyForDeploymentPostprocessing = 0;
		};
		95BCE3F11D04C06900EB99B7 /* Sources */ = {
			isa = PBXSourcesBuildPhase;
			buildActionMask = 2147483647;
			files = (
				95BCE3FA1D04C06900EB99B7 /* notesTests.swift in Sources */,
			);
			runOnlyForDeploymentPostprocessing = 0;
		};
		95BCE3FC1D04C06900EB99B7 /* Sources */ = {
			isa = PBXSourcesBuildPhase;
			buildActionMask = 2147483647;
			files = (
				95BCE4051D04C06900EB99B7 /* notesUITests.swift in Sources */,
			);
			runOnlyForDeploymentPostprocessing = 0;
		};
/* End PBXSourcesBuildPhase section */

/* Begin PBXTargetDependency section */
		95BCE3F71D04C06900EB99B7 /* PBXTargetDependency */ = {
			isa = PBXTargetDependency;
			target = 95BCE3DD1D04C06900EB99B7 /* notes */;
			targetProxy = 95BCE3F61D04C06900EB99B7 /* PBXContainerItemProxy */;
		};
		95BCE4021D04C06900EB99B7 /* PBXTargetDependency */ = {
			isa = PBXTargetDependency;
			target = 95BCE3DD1D04C06900EB99B7 /* notes */;
			targetProxy = 95BCE4011D04C06900EB99B7 /* PBXContainerItemProxy */;
		};
/* End PBXTargetDependency section */

/* Begin PBXVariantGroup section */
		95BCE3E51D04C06900EB99B7 /* Main.storyboard */ = {
			isa = PBXVariantGroup;
			children = (
				95BCE3E61D04C06900EB99B7 /* Base */,
			);
			name = Main.storyboard;
			sourceTree = "<group>";
		};
		95BCE3ED1D04C06900EB99B7 /* LaunchScreen.storyboard */ = {
			isa = PBXVariantGroup;
			children = (
				95BCE3EE1D04C06900EB99B7 /* Base */,
			);
			name = LaunchScreen.storyboard;
			sourceTree = "<group>";
		};
/* End PBXVariantGroup section */

/* Begin XCBuildConfiguration section */
		95BCE4071D04C06900EB99B7 /* Debug */ = {
			isa = XCBuildConfiguration;
			buildSettings = {
				ALWAYS_SEARCH_USER_PATHS = NO;
				CLANG_ANALYZER_NONNULL = YES;
				CLANG_CXX_LANGUAGE_STANDARD = "gnu++0x";
				CLANG_CXX_LIBRARY = "libc++";
				CLANG_ENABLE_MODULES = YES;
				CLANG_ENABLE_OBJC_ARC = YES;
				CLANG_WARN_BOOL_CONVERSION = YES;
				CLANG_WARN_CONSTANT_CONVERSION = YES;
				CLANG_WARN_DIRECT_OBJC_ISA_USAGE = YES_ERROR;
				CLANG_WARN_EMPTY_BODY = YES;
				CLANG_WARN_ENUM_CONVERSION = YES;
				CLANG_WARN_INT_CONVERSION = YES;
				CLANG_WARN_OBJC_ROOT_CLASS = YES_ERROR;
				CLANG_WARN_UNREACHABLE_CODE = YES;
				CLANG_WARN__DUPLICATE_METHOD_MATCH = YES;
				"CODE_SIGN_IDENTITY[sdk=iphoneos*]" = "iPhone Developer";
				COPY_PHASE_STRIP = NO;
				DEBUG_INFORMATION_FORMAT = dwarf;
				ENABLE_STRICT_OBJC_MSGSEND = YES;
				ENABLE_TESTABILITY = YES;
				GCC_C_LANGUAGE_STANDARD = gnu99;
				GCC_DYNAMIC_NO_PIC = NO;
				GCC_NO_COMMON_BLOCKS = YES;
				GCC_OPTIMIZATION_LEVEL = 0;
				GCC_PREPROCESSOR_DEFINITIONS = (
					"DEBUG=1",
					"$(inherited)",
				);
				GCC_WARN_64_TO_32_BIT_CONVERSION = YES;
				GCC_WARN_ABOUT_RETURN_TYPE = YES_ERROR;
				GCC_WARN_UNDECLARED_SELECTOR = YES;
				GCC_WARN_UNINITIALIZED_AUTOS = YES_AGGRESSIVE;
				GCC_WARN_UNUSED_FUNCTION = YES;
				GCC_WARN_UNUSED_VARIABLE = YES;
				IPHONEOS_DEPLOYMENT_TARGET = 9.3;
				MTL_ENABLE_DEBUG_INFO = YES;
				ONLY_ACTIVE_ARCH = YES;
				SDKROOT = iphoneos;
				SWIFT_OPTIMIZATION_LEVEL = "-Onone";
				TARGETED_DEVICE_FAMILY = "1,2";
			};
			name = Debug;
		};
		95BCE4081D04C06900EB99B7 /* Release */ = {
			isa = XCBuildConfiguration;
			buildSettings = {
				ALWAYS_SEARCH_USER_PATHS = NO;
				CLANG_ANALYZER_NONNULL = YES;
				CLANG_CXX_LANGUAGE_STANDARD = "gnu++0x";
				CLANG_CXX_LIBRARY = "libc++";
				CLANG_ENABLE_MODULES = YES;
				CLANG_ENABLE_OBJC_ARC = YES;
				CLANG_WARN_BOOL_CONVERSION = YES;
				CLANG_WARN_CONSTANT_CONVERSION = YES;
				CLANG_WARN_DIRECT_OBJC_ISA_USAGE = YES_ERROR;
				CLANG_WARN_EMPTY_BODY = YES;
				CLANG_WARN_ENUM_CONVERSION = YES;
				CLANG_WARN_INT_CONVERSION = YES;
				CLANG_WARN_OBJC_ROOT_CLASS = YES_ERROR;
				CLANG_WARN_UNREACHABLE_CODE = YES;
				CLANG_WARN__DUPLICATE_METHOD_MATCH = YES;
				"CODE_SIGN_IDENTITY[sdk=iphoneos*]" = "iPhone Developer";
				COPY_PHASE_STRIP = NO;
				DEBUG_INFORMATION_FORMAT = "dwarf-with-dsym";
				ENABLE_NS_ASSERTIONS = NO;
				ENABLE_STRICT_OBJC_MSGSEND = YES;
				GCC_C_LANGUAGE_STANDARD = gnu99;
				GCC_NO_COMMON_BLOCKS = YES;
				GCC_WARN_64_TO_32_BIT_CONVERSION = YES;
				GCC_WARN_ABOUT_RETURN_TYPE = YES_ERROR;
				GCC_WARN_UNDECLARED_SELECTOR = YES;
				GCC_WARN_UNINITIALIZED_AUTOS = YES_AGGRESSIVE;
				GCC_WARN_UNUSED_FUNCTION = YES;
				GCC_WARN_UNUSED_VARIABLE = YES;
				IPHONEOS_DEPLOYMENT_TARGET = 9.3;
				MTL_ENABLE_DEBUG_INFO = NO;
				SDKROOT = iphoneos;
				TARGETED_DEVICE_FAMILY = "1,2";
				VALIDATE_PRODUCT = YES;
			};
			name = Release;
		};
		95BCE40A1D04C06900EB99B7 /* Debug */ = {
			isa = XCBuildConfiguration;
			buildSettings = {
				ASSETCATALOG_COMPILER_APPICON_NAME = AppIcon;
				INFOPLIST_FILE = notes/Info.plist;
				LD_RUNPATH_SEARCH_PATHS = "$(inherited) @executable_path/Frameworks";
				PRODUCT_BUNDLE_IDENTIFIER = com.codingdojo.notes;
				PRODUCT_NAME = "$(TARGET_NAME)";
			};
			name = Debug;
		};
		95BCE40B1D04C06900EB99B7 /* Release */ = {
			isa = XCBuildConfiguration;
			buildSettings = {
				ASSETCATALOG_COMPILER_APPICON_NAME = AppIcon;
				INFOPLIST_FILE = notes/Info.plist;
				LD_RUNPATH_SEARCH_PATHS = "$(inherited) @executable_path/Frameworks";
				PRODUCT_BUNDLE_IDENTIFIER = com.codingdojo.notes;
				PRODUCT_NAME = "$(TARGET_NAME)";
			};
			name = Release;
		};
		95BCE40D1D04C06900EB99B7 /* Debug */ = {
			isa = XCBuildConfiguration;
			buildSettings = {
				BUNDLE_LOADER = "$(TEST_HOST)";
				INFOPLIST_FILE = notesTests/Info.plist;
				LD_RUNPATH_SEARCH_PATHS = "$(inherited) @executable_path/Frameworks @loader_path/Frameworks";
				PRODUCT_BUNDLE_IDENTIFIER = com.codingdojo.notesTests;
				PRODUCT_NAME = "$(TARGET_NAME)";
				TEST_HOST = "$(BUILT_PRODUCTS_DIR)/notes.app/notes";
			};
			name = Debug;
		};
		95BCE40E1D04C06900EB99B7 /* Release */ = {
			isa = XCBuildConfiguration;
			buildSettings = {
				BUNDLE_LOADER = "$(TEST_HOST)";
				INFOPLIST_FILE = notesTests/Info.plist;
				LD_RUNPATH_SEARCH_PATHS = "$(inherited) @executable_path/Frameworks @loader_path/Frameworks";
				PRODUCT_BUNDLE_IDENTIFIER = com.codingdojo.notesTests;
				PRODUCT_NAME = "$(TARGET_NAME)";
				TEST_HOST = "$(BUILT_PRODUCTS_DIR)/notes.app/notes";
			};
			name = Release;
		};
		95BCE4101D04C06900EB99B7 /* Debug */ = {
			isa = XCBuildConfiguration;
			buildSettings = {
				INFOPLIST_FILE = notesUITests/Info.plist;
				LD_RUNPATH_SEARCH_PATHS = "$(inherited) @executable_path/Frameworks @loader_path/Frameworks";
				PRODUCT_BUNDLE_IDENTIFIER = com.codingdojo.notesUITests;
				PRODUCT_NAME = "$(TARGET_NAME)";
				TEST_TARGET_NAME = notes;
			};
			name = Debug;
		};
		95BCE4111D04C06900EB99B7 /* Release */ = {
			isa = XCBuildConfiguration;
			buildSettings = {
				INFOPLIST_FILE = notesUITests/Info.plist;
				LD_RUNPATH_SEARCH_PATHS = "$(inherited) @executable_path/Frameworks @loader_path/Frameworks";
				PRODUCT_BUNDLE_IDENTIFIER = com.codingdojo.notesUITests;
				PRODUCT_NAME = "$(TARGET_NAME)";
				TEST_TARGET_NAME = notes;
			};
			name = Release;
		};
/* End XCBuildConfiguration section */

/* Begin XCConfigurationList section */
		95BCE3D91D04C06900EB99B7 /* Build configuration list for PBXProject "notes" */ = {
			isa = XCConfigurationList;
			buildConfigurations = (
				95BCE4071D04C06900EB99B7 /* Debug */,
				95BCE4081D04C06900EB99B7 /* Release */,
			);
			defaultConfigurationIsVisible = 0;
			defaultConfigurationName = Release;
		};
		95BCE4091D04C06900EB99B7 /* Build configuration list for PBXNativeTarget "notes" */ = {
			isa = XCConfigurationList;
			buildConfigurations = (
				95BCE40A1D04C06900EB99B7 /* Debug */,
				95BCE40B1D04C06900EB99B7 /* Release */,
			);
			defaultConfigurationIsVisible = 0;
		};
		95BCE40C1D04C06900EB99B7 /* Build configuration list for PBXNativeTarget "notesTests" */ = {
			isa = XCConfigurationList;
			buildConfigurations = (
				95BCE40D1D04C06900EB99B7 /* Debug */,
				95BCE40E1D04C06900EB99B7 /* Release */,
			);
			defaultConfigurationIsVisible = 0;
		};
		95BCE40F1D04C06900EB99B7 /* Build configuration list for PBXNativeTarget "notesUITests" */ = {
			isa = XCConfigurationList;
			buildConfigurations = (
				95BCE4101D04C06900EB99B7 /* Debug */,
				95BCE4111D04C06900EB99B7 /* Release */,
			);
			defaultConfigurationIsVisible = 0;
		};
/* End XCConfigurationList section */

/* Begin XCVersionGroup section */
		95BCE3E81D04C06900EB99B7 /* notes.xcdatamodeld */ = {
			isa = XCVersionGroup;
			children = (
				95BCE3E91D04C06900EB99B7 /* notes.xcdatamodel */,
			);
			currentVersion = 95BCE3E91D04C06900EB99B7 /* notes.xcdatamodel */;
			path = notes.xcdatamodeld;
			sourceTree = "<group>";
			versionGroupType = wrapper.xcdatamodel;
		};
/* End XCVersionGroup section */
	};
	rootObject = 95BCE3D61D04C06900EB99B7 /* Project object */;
}
